
Microsoft Visual Studio Solution File, Format Version 12.00
# Visual Studio Version 17
VisualStudioVersion = 17.6.33829.357
MinimumVisualStudioVersion = 10.0.40219.1
Project("{9A19103F-16F7-4668-BE54-9A1E7A4F7556}") = "BSU.BRSM.Bot", "BSU.BRSM.Bot\BSU.BRSM.Bot.csproj", "{D9E30201-005E-4A83-B5D4-C5447675CC5B}"
EndProject
Project("{9A19103F-16F7-4668-BE54-9A1E7A4F7556}") = "BSU.BRSM.Bot.Core", "BSU.BRSM.Bot.Core\BSU.BRSM.Bot.Core.csproj", "{113A4060-91E9-46D5-8A9D-039A2112C8D2}"
EndProject
Project("{2150E333-8FDC-42A3-9474-1A3956D46DE8}") = "domain", "domain", "{A1215595-CA36-4ECD-BDE2-41D3FF5C2484}"
EndProject
Project("{2150E333-8FDC-42A3-9474-1A3956D46DE8}") = "presentation", "presentation", "{4351AB78-5021-4CC2-9890-D8D681AC5890}"
EndProject
Project("{2150E333-8FDC-42A3-9474-1A3956D46DE8}") = "infrastructure", "infrastructure", "{3BD7C686-CBEE-4567-84B3-8BDAE3EC6FB5}"
EndProject
Project("{9A19103F-16F7-4668-BE54-9A1E7A4F7556}") = "BSU.BRSM.Bot.Core.Tests", "BSU.BRSM.Bot.Core.Tests\BSU.BRSM.Bot.Core.Tests.csproj", "{9A11B9C2-3018-4621-8ECB-EC9EBAF2AE82}"
EndProject
Project("{2150E333-8FDC-42A3-9474-1A3956D46DE8}") = "app", "app", "{7ECE9EB6-C989-40DD-BE41-85C92DD81C74}"
EndProject
Project("{9A19103F-16F7-4668-BE54-9A1E7A4F7556}") = "BSU.BRSM.Bot.App", "BSU.BRSM.Bot.App\BSU.BRSM.Bot.App.csproj", "{7F793B02-2C84-4561-AE28-8C5B6EB874CD}"
EndProject
Project("{9A19103F-16F7-4668-BE54-9A1E7A4F7556}") = "BSU.BRSM.Bot.Data.EF", "BSU.BRSM.Bot.Data.EF\BSU.BRSM.Bot.Data.EF.csproj", "{C64BD008-C7B2-49C7-847E-875BB96335CA}"
EndProject
Global
	GlobalSection(SolutionConfigurationPlatforms) = preSolution
		Debug|Any CPU = Debug|Any CPU
		Release|Any CPU = Release|Any CPU
	EndGlobalSection
	GlobalSection(ProjectConfigurationPlatforms) = postSolution
		{D9E30201-005E-4A83-B5D4-C5447675CC5B}.Debug|Any CPU.ActiveCfg = Debug|Any CPU
		{D9E30201-005E-4A83-B5D4-C5447675CC5B}.Debug|Any CPU.Build.0 = Debug|Any CPU
		{D9E30201-005E-4A83-B5D4-C5447675CC5B}.Release|Any CPU.ActiveCfg = Release|Any CPU
		{D9E30201-005E-4A83-B5D4-C5447675CC5B}.Release|Any CPU.Build.0 = Release|Any CPU
		{113A4060-91E9-46D5-8A9D-039A2112C8D2}.Debug|Any CPU.ActiveCfg = Debug|Any CPU
		{113A4060-91E9-46D5-8A9D-039A2112C8D2}.Debug|Any CPU.Build.0 = Debug|Any CPU
		{113A4060-91E9-46D5-8A9D-039A2112C8D2}.Release|Any CPU.ActiveCfg = Release|Any CPU
		{113A4060-91E9-46D5-8A9D-039A2112C8D2}.Release|Any CPU.Build.0 = Release|Any CPU
		{9A11B9C2-3018-4621-8ECB-EC9EBAF2AE82}.Debug|Any CPU.ActiveCfg = Debug|Any CPU
		{9A11B9C2-3018-4621-8ECB-EC9EBAF2AE82}.Debug|Any CPU.Build.0 = Debug|Any CPU
		{9A11B9C2-3018-4621-8ECB-EC9EBAF2AE82}.Release|Any CPU.ActiveCfg = Release|Any CPU
		{9A11B9C2-3018-4621-8ECB-EC9EBAF2AE82}.Release|Any CPU.Build.0 = Release|Any CPU
		{7F793B02-2C84-4561-AE28-8C5B6EB874CD}.Debug|Any CPU.ActiveCfg = Debug|Any CPU
		{7F793B02-2C84-4561-AE28-8C5B6EB874CD}.Debug|Any CPU.Build.0 = Debug|Any CPU
		{7F793B02-2C84-4561-AE28-8C5B6EB874CD}.Release|Any CPU.ActiveCfg = Release|Any CPU
		{7F793B02-2C84-4561-AE28-8C5B6EB874CD}.Release|Any CPU.Build.0 = Release|Any CPU
		{C64BD008-C7B2-49C7-847E-875BB96335CA}.Debug|Any CPU.ActiveCfg = Debug|Any CPU
		{C64BD008-C7B2-49C7-847E-875BB96335CA}.Debug|Any CPU.Build.0 = Debug|Any CPU
		{C64BD008-C7B2-49C7-847E-875BB96335CA}.Release|Any CPU.ActiveCfg = Release|Any CPU
		{C64BD008-C7B2-49C7-847E-875BB96335CA}.Release|Any CPU.Build.0 = Release|Any CPU
	EndGlobalSection
	GlobalSection(SolutionProperties) = preSolution
		HideSolutionNode = FALSE
	EndGlobalSection
	GlobalSection(NestedProjects) = preSolution
		{D9E30201-005E-4A83-B5D4-C5447675CC5B} = {4351AB78-5021-4CC2-9890-D8D681AC5890}
		{113A4060-91E9-46D5-8A9D-039A2112C8D2} = {A1215595-CA36-4ECD-BDE2-41D3FF5C2484}
		{9A11B9C2-3018-4621-8ECB-EC9EBAF2AE82} = {A1215595-CA36-4ECD-BDE2-41D3FF5C2484}
		{7F793B02-2C84-4561-AE28-8C5B6EB874CD} = {7ECE9EB6-C989-40DD-BE41-85C92DD81C74}
		{C64BD008-C7B2-49C7-847E-875BB96335CA} = {3BD7C686-CBEE-4567-84B3-8BDAE3EC6FB5}
	EndGlobalSection
	GlobalSection(ExtensibilityGlobals) = postSolution
		SolutionGuid = {7664779A-72B6-45C9-99B0-3758AB940CCE}
	EndGlobalSection
EndGlobal
